
Microsoft Visual Studio Solution File, Format Version 12.00
# Visual Studio Version 17
VisualStudioVersion = 17.5.002.0
MinimumVisualStudioVersion = 10.0.40219.1
Project("{9A19103F-16F7-4668-BE54-9A1E7A4F7556}") = "semester-project", "semester-project.csproj", "{9AE40109-7AC7-4285-8694-C5C9826DC84F}"
EndProject
Global
	GlobalSection(SolutionConfigurationPlatforms) = preSolution
		Debug|Any CPU = Debug|Any CPU
		Release|Any CPU = Release|Any CPU
	EndGlobalSection
	GlobalSection(ProjectConfigurationPlatforms) = postSolution
		{9AE40109-7AC7-4285-8694-C5C9826DC84F}.Debug|Any CPU.ActiveCfg = Debug|Any CPU
		{9AE40109-7AC7-4285-8694-C5C9826DC84F}.Debug|Any CPU.Build.0 = Debug|Any CPU
		{9AE40109-7AC7-4285-8694-C5C9826DC84F}.Release|Any CPU.ActiveCfg = Release|Any CPU
		{9AE40109-7AC7-4285-8694-C5C9826DC84F}.Release|Any CPU.Build.0 = Release|Any CPU
	EndGlobalSection
	GlobalSection(SolutionProperties) = preSolution
		HideSolutionNode = FALSE
	EndGlobalSection
	GlobalSection(ExtensibilityGlobals) = postSolution
		SolutionGuid = {595008B9-E2F1-40C8-9891-8283D16C36CE}
	EndGlobalSection
EndGlobal
